
Microsoft Visual Studio Solution File, Format Version 12.00
# Visual Studio Version 16
VisualStudioVersion = 16.0.32510.428
MinimumVisualStudioVersion = 10.0.40219.1
Project("{FAE04EC0-301F-11D3-BF4B-00C04F79EFBC}") = "P03_FootballBetting", "P03_FootballBetting\P03_FootballBetting.csproj", "{40F29F5F-C9F8-4423-9538-FFF4CD3D4AD1}"
EndProject
Project("{FAE04EC0-301F-11D3-BF4B-00C04F79EFBC}") = "P03_FootballBetting.Data.Models", "P03_FootballBetting.Data.Models\P03_FootballBetting.Data.Models.csproj", "{420DA4AC-B9E5-43B4-8651-B40BB6C6864B}"
EndProject
Project("{FAE04EC0-301F-11D3-BF4B-00C04F79EFBC}") = "P03_FootballBetting.Data", "P03_FootballBetting.Data\P03_FootballBetting.Data.csproj", "{53E344E5-3E5B-4C20-B592-95E9CC16B06A}"
EndProject
Global
	GlobalSection(SolutionConfigurationPlatforms) = preSolution
		Debug|Any CPU = Debug|Any CPU
		Release|Any CPU = Release|Any CPU
	EndGlobalSection
	GlobalSection(ProjectConfigurationPlatforms) = postSolution
		{40F29F5F-C9F8-4423-9538-FFF4CD3D4AD1}.Debug|Any CPU.ActiveCfg = Debug|Any CPU
		{40F29F5F-C9F8-4423-9538-FFF4CD3D4AD1}.Debug|Any CPU.Build.0 = Debug|Any CPU
		{40F29F5F-C9F8-4423-9538-FFF4CD3D4AD1}.Release|Any CPU.ActiveCfg = Release|Any CPU
		{40F29F5F-C9F8-4423-9538-FFF4CD3D4AD1}.Release|Any CPU.Build.0 = Release|Any CPU
		{420DA4AC-B9E5-43B4-8651-B40BB6C6864B}.Debug|Any CPU.ActiveCfg = Debug|Any CPU
		{420DA4AC-B9E5-43B4-8651-B40BB6C6864B}.Debug|Any CPU.Build.0 = Debug|Any CPU
		{420DA4AC-B9E5-43B4-8651-B40BB6C6864B}.Release|Any CPU.ActiveCfg = Release|Any CPU
		{420DA4AC-B9E5-43B4-8651-B40BB6C6864B}.Release|Any CPU.Build.0 = Release|Any CPU
		{53E344E5-3E5B-4C20-B592-95E9CC16B06A}.Debug|Any CPU.ActiveCfg = Debug|Any CPU
		{53E344E5-3E5B-4C20-B592-95E9CC16B06A}.Debug|Any CPU.Build.0 = Debug|Any CPU
		{53E344E5-3E5B-4C20-B592-95E9CC16B06A}.Release|Any CPU.ActiveCfg = Release|Any CPU
		{53E344E5-3E5B-4C20-B592-95E9CC16B06A}.Release|Any CPU.Build.0 = Release|Any CPU
	EndGlobalSection
	GlobalSection(SolutionProperties) = preSolution
		HideSolutionNode = FALSE
	EndGlobalSection
	GlobalSection(ExtensibilityGlobals) = postSolution
		SolutionGuid = {F5D875BC-841C-4EDE-8DF8-DF311D19CC5B}
	EndGlobalSection
EndGlobal
